
Microsoft Visual Studio Solution File, Format Version 12.00
# Visual Studio Version 16
VisualStudioVersion = 16.0.31702.278
MinimumVisualStudioVersion = 10.0.40219.1
Project("{FAE04EC0-301F-11D3-BF4B-00C04F79EFBC}") = "ThreadLibrary", "ThreadLibrary\ThreadLibrary.csproj", "{A9A36894-C211-4EAC-B7AA-CDF459D6CA9C}"
EndProject
Global
	GlobalSection(SolutionConfigurationPlatforms) = preSolution
		Debug|Any CPU = Debug|Any CPU
		Release|Any CPU = Release|Any CPU
	EndGlobalSection
	GlobalSection(ProjectConfigurationPlatforms) = postSolution
		{A9A36894-C211-4EAC-B7AA-CDF459D6CA9C}.Debug|Any CPU.ActiveCfg = Debug|Any CPU
		{A9A36894-C211-4EAC-B7AA-CDF459D6CA9C}.Debug|Any CPU.Build.0 = Debug|Any CPU
		{A9A36894-C211-4EAC-B7AA-CDF459D6CA9C}.Release|Any CPU.ActiveCfg = Release|Any CPU
		{A9A36894-C211-4EAC-B7AA-CDF459D6CA9C}.Release|Any CPU.Build.0 = Release|Any CPU
	EndGlobalSection
	GlobalSection(SolutionProperties) = preSolution
		HideSolutionNode = FALSE
	EndGlobalSection
	GlobalSection(ExtensibilityGlobals) = postSolution
		SolutionGuid = {FFF005A7-F475-4127-A95D-3D84419C3C43}
	EndGlobalSection
EndGlobal
